
Microsoft Visual Studio Solution File, Format Version 12.00
# Visual Studio 14
VisualStudioVersion = 14.0.25420.1
MinimumVisualStudioVersion = 10.0.40219.1
Project("{FAE04EC0-301F-11D3-BF4B-00C04F79EFBC}") = "Caroto", "Caroto\Caroto.csproj", "{43D573CD-6946-45CC-BCDA-833B237C8735}"
EndProject
Project("{FAE04EC0-301F-11D3-BF4B-00C04F79EFBC}") = "Gateway", "Gateway\Gateway.csproj", "{D7B9E0D7-8F28-47E3-9C81-26D5806F1B80}"
EndProject
Project("{2150E333-8FDC-42A3-9474-1A3956D46DE8}") = "GlobalSettings", "GlobalSettings", "{3FF1031B-7FFC-4FD0-BFA6-790C5018B694}"
	ProjectSection(SolutionItems) = preProject
		CarotoSettings.settings = CarotoSettings.settings
	EndProjectSection
EndProject
Project("{FAE04EC0-301F-11D3-BF4B-00C04F79EFBC}") = "DTO", "DTO\DTO.csproj", "{036DA751-8EBF-4B1C-95A5-E7F7518F70D5}"
EndProject
Project("{FAE04EC0-301F-11D3-BF4B-00C04F79EFBC}") = "Responses", "Responses\Responses.csproj", "{A8AB670E-8154-48E4-918D-6E9E791C7003}"
EndProject
Global
	GlobalSection(SolutionConfigurationPlatforms) = preSolution
		Debug|Any CPU = Debug|Any CPU
		Release|Any CPU = Release|Any CPU
	EndGlobalSection
	GlobalSection(ProjectConfigurationPlatforms) = postSolution
		{43D573CD-6946-45CC-BCDA-833B237C8735}.Debug|Any CPU.ActiveCfg = Debug|Any CPU
		{43D573CD-6946-45CC-BCDA-833B237C8735}.Debug|Any CPU.Build.0 = Debug|Any CPU
		{43D573CD-6946-45CC-BCDA-833B237C8735}.Release|Any CPU.ActiveCfg = Release|Any CPU
		{43D573CD-6946-45CC-BCDA-833B237C8735}.Release|Any CPU.Build.0 = Release|Any CPU
		{D7B9E0D7-8F28-47E3-9C81-26D5806F1B80}.Debug|Any CPU.ActiveCfg = Debug|Any CPU
		{D7B9E0D7-8F28-47E3-9C81-26D5806F1B80}.Debug|Any CPU.Build.0 = Debug|Any CPU
		{D7B9E0D7-8F28-47E3-9C81-26D5806F1B80}.Release|Any CPU.ActiveCfg = Release|Any CPU
		{D7B9E0D7-8F28-47E3-9C81-26D5806F1B80}.Release|Any CPU.Build.0 = Release|Any CPU
		{036DA751-8EBF-4B1C-95A5-E7F7518F70D5}.Debug|Any CPU.ActiveCfg = Debug|Any CPU
		{036DA751-8EBF-4B1C-95A5-E7F7518F70D5}.Debug|Any CPU.Build.0 = Debug|Any CPU
		{036DA751-8EBF-4B1C-95A5-E7F7518F70D5}.Release|Any CPU.ActiveCfg = Release|Any CPU
		{036DA751-8EBF-4B1C-95A5-E7F7518F70D5}.Release|Any CPU.Build.0 = Release|Any CPU
		{A8AB670E-8154-48E4-918D-6E9E791C7003}.Debug|Any CPU.ActiveCfg = Debug|Any CPU
		{A8AB670E-8154-48E4-918D-6E9E791C7003}.Debug|Any CPU.Build.0 = Debug|Any CPU
		{A8AB670E-8154-48E4-918D-6E9E791C7003}.Release|Any CPU.ActiveCfg = Release|Any CPU
		{A8AB670E-8154-48E4-918D-6E9E791C7003}.Release|Any CPU.Build.0 = Release|Any CPU
	EndGlobalSection
	GlobalSection(SolutionProperties) = preSolution
		HideSolutionNode = FALSE
	EndGlobalSection
EndGlobal
